{
  "nodes": {
    "clojure-mcp-light": {
      "flake": false,
      "locked": {
        "lastModified": 1781886265,
        "narHash": "sha256-aLqXWZTL0HqHnvQQN5hRH1IJaL0eHJN5OVgOQ5O2pXs=",
        "ref": "refs/heads/main",
        "rev": "d341c239d4b1faa58ccefaf8bc0b1e2a312e2af4",
        "shallow": true,
        "type": "git",
        "url": "https://github.com/bhauman/clojure-mcp-light"
      },
      "original": {
        "rev": "d341c239d4b1faa58ccefaf8bc0b1e2a312e2af4",
        "shallow": true,
        "type": "git",
        "url": "https://github.com/bhauman/clojure-mcp-light"
      }
    },
    "devenv": {
      "locked": {
        "dir": "src/modules",
        "lastModified": 1791549372,
        "narHash": "sha256-5Vu2oKeImB5wQWLFSEcWXsF0Oajm4/5MV7UlnOdelmg=",
        "ref": "refs/heads/main",
        "rev": "a73c5b84c9527760f009232988466763068f9f61",
        "shallow": true,
        "type": "git",
        "url": "https://github.com/cachix/devenv"
      },
      "original": {
        "dir": "src/modules",
        "rev": "a73c5b84c9527760f009232988466763068f9f61",
        "shallow": true,
        "type": "git",
        "url": "https://github.com/cachix/devenv"
      }
    },
    "nixpkgs": {
      "locked": {
        "lastModified": 1791456040,
        "narHash": "sha256-H83yz/do+hjOO0uujHyH8RgtIQP2v7Mw+cLwcZK/xKc=",
        "ref": "nixos-unstable",
        "rev": "e7439b6b14ad3cc35d05608ebca9bce01a25f5f8",
        "shallow": true,
        "type": "git",
        "url": "https://github.com/NixOS/nixpkgs"
      },
      "original": {
        "ref": "nixos-unstable",
        "rev": "e7439b6b14ad3cc35d05608ebca9bce01a25f5f8",
        "shallow": true,
        "type": "git",
        "url": "https://github.com/NixOS/nixpkgs"
      }
    },
    "root": {
      "inputs": {
        "clojure-mcp-light": "clojure-mcp-light",
        "devenv": "devenv",
        "nixpkgs": "nixpkgs"
      }
    }
  },
  "root": "root",
  "version": 7
}