{
  "nodes": {
    "clojure-mcp-light": {
      "flake": false,
      "locked": {
        "lastModified": 1781886265,
        "narHash": "sha256-aLqXWZTL0HqHnvQQN5hRH1IJaL0eHJN5OVgOQ5O2pXs=",
        "ref": "refs/heads/main",
        "rev": "d341c239d4b1faa58ccefaf8bc0b1e2a312e2af4",
        "shallow": true,
        "type": "git",
        "url": "https://github.com/bhauman/clojure-mcp-light"
      },
      "original": {
        "rev": "d341c239d4b1faa58ccefaf8bc0b1e2a312e2af4",
        "shallow": true,
        "type": "git",
        "url": "https://github.com/bhauman/clojure-mcp-light"
      }
    },
    "devenv": {
      "locked": {
        "dir": "src/modules",
        "lastModified": 1791549372,
        "narHash": "sha256-5Vu2oKeImB5wQWLFSEcWXsF0Oajm4/5MV7UlnOdelmg=",
        "ref": "refs/heads/main",
        "rev": "a73c5b84c9527760f009232988466763068f9f61",
        "shallow": true,
        "type": "git",
        "url": "https://github.com/cachix/devenv"
      },
      "original": {
        "dir": "src/modules",
        "rev": "a73c5b84c9527760f009232988466763068f9f61",
        "shallow": true,
        "type": "git",
        "url": "https://github.com/cachix/devenv"
      }
    },
    "nixpkgs": {
      "locked": {
        "lastModified": 315532800,
        "narHash": "sha256-gRZ/s8WQJ2CsXdhcDVQH34qxuL0MuMCOs3aBiK1Prsw=",
        "type": "tarball",
        "url": "https://releases.nixos.org/nixos/unstable/nixos-26.11pre1087755.e7439b6b14ad/nixexprs.tar.xz"
      },
      "original": {
        "type": "tarball",
        "url": "https://releases.nixos.org/nixos/unstable/nixos-26.11pre1087755.e7439b6b14ad/nixexprs.tar.xz"
      }
    },
    "root": {
      "inputs": {
        "clojure-mcp-light": "clojure-mcp-light",
        "devenv": "devenv",
        "nixpkgs": "nixpkgs"
      }
    }
  },
  "root": "root",
  "version": 7
}